
Microsoft Visual Studio Solution File, Format Version 12.00
# Visual Studio Version 16
VisualStudioVersion = 16.0.29709.97
MinimumVisualStudioVersion = 10.0.40219.1
Project("{FAE04EC0-301F-11D3-BF4B-00C04F79EFBC}") = "p2_evenFibonacciNumbers", "p2_evenFibonacciNumbers.csproj", "{1BF6A66D-98AA-4517-8330-49EAE824922E}"
EndProject
Global
	GlobalSection(SolutionConfigurationPlatforms) = preSolution
		Debug|Any CPU = Debug|Any CPU
		Release|Any CPU = Release|Any CPU
	EndGlobalSection
	GlobalSection(ProjectConfigurationPlatforms) = postSolution
		{1BF6A66D-98AA-4517-8330-49EAE824922E}.Debug|Any CPU.ActiveCfg = Debug|Any CPU
		{1BF6A66D-98AA-4517-8330-49EAE824922E}.Debug|Any CPU.Build.0 = Debug|Any CPU
		{1BF6A66D-98AA-4517-8330-49EAE824922E}.Release|Any CPU.ActiveCfg = Release|Any CPU
		{1BF6A66D-98AA-4517-8330-49EAE824922E}.Release|Any CPU.Build.0 = Release|Any CPU
	EndGlobalSection
	GlobalSection(SolutionProperties) = preSolution
		HideSolutionNode = FALSE
	EndGlobalSection
	GlobalSection(ExtensibilityGlobals) = postSolution
		SolutionGuid = {FD03ECFD-CC2F-4E1D-9E4B-FE3B4576C225}
	EndGlobalSection
EndGlobal
