
Microsoft Visual Studio Solution File, Format Version 12.00
# Visual Studio Version 16
VisualStudioVersion = 16.0.29709.97
MinimumVisualStudioVersion = 10.0.40219.1
Project("{FAE04EC0-301F-11D3-BF4B-00C04F79EFBC}") = "p8_largestProductInASeries", "p8_largestProductInASeries.csproj", "{FD597646-91CF-41EE-B379-95AE9556501B}"
EndProject
Global
	GlobalSection(SolutionConfigurationPlatforms) = preSolution
		Debug|Any CPU = Debug|Any CPU
		Release|Any CPU = Release|Any CPU
	EndGlobalSection
	GlobalSection(ProjectConfigurationPlatforms) = postSolution
		{FD597646-91CF-41EE-B379-95AE9556501B}.Debug|Any CPU.ActiveCfg = Debug|Any CPU
		{FD597646-91CF-41EE-B379-95AE9556501B}.Debug|Any CPU.Build.0 = Debug|Any CPU
		{FD597646-91CF-41EE-B379-95AE9556501B}.Release|Any CPU.ActiveCfg = Release|Any CPU
		{FD597646-91CF-41EE-B379-95AE9556501B}.Release|Any CPU.Build.0 = Release|Any CPU
	EndGlobalSection
	GlobalSection(SolutionProperties) = preSolution
		HideSolutionNode = FALSE
	EndGlobalSection
	GlobalSection(ExtensibilityGlobals) = postSolution
		SolutionGuid = {3D52D9A4-770C-480C-A887-18B25FF3893E}
	EndGlobalSection
EndGlobal
