
Microsoft Visual Studio Solution File, Format Version 12.00
# Visual Studio Version 16
VisualStudioVersion = 16.0.30011.22
MinimumVisualStudioVersion = 10.0.40219.1
Project("{FAE04EC0-301F-11D3-BF4B-00C04F79EFBC}") = "p11_largestProductInAGrid", "p11_largestProductInAGrid.csproj", "{8BE48F09-B9E2-48E4-8F6C-B65E074378B7}"
EndProject
Global
	GlobalSection(SolutionConfigurationPlatforms) = preSolution
		Debug|Any CPU = Debug|Any CPU
		Release|Any CPU = Release|Any CPU
	EndGlobalSection
	GlobalSection(ProjectConfigurationPlatforms) = postSolution
		{8BE48F09-B9E2-48E4-8F6C-B65E074378B7}.Debug|Any CPU.ActiveCfg = Debug|Any CPU
		{8BE48F09-B9E2-48E4-8F6C-B65E074378B7}.Debug|Any CPU.Build.0 = Debug|Any CPU
		{8BE48F09-B9E2-48E4-8F6C-B65E074378B7}.Release|Any CPU.ActiveCfg = Release|Any CPU
		{8BE48F09-B9E2-48E4-8F6C-B65E074378B7}.Release|Any CPU.Build.0 = Release|Any CPU
	EndGlobalSection
	GlobalSection(SolutionProperties) = preSolution
		HideSolutionNode = FALSE
	EndGlobalSection
	GlobalSection(ExtensibilityGlobals) = postSolution
		SolutionGuid = {F1A2D9ED-43DE-4CD2-9D1B-354619FE8314}
	EndGlobalSection
EndGlobal
